
Microsoft Visual Studio Solution File, Format Version 12.00
# Visual Studio Version 17
VisualStudioVersion = 17.5.002.0
MinimumVisualStudioVersion = 10.0.40219.1
Project("{FAE04EC0-301F-11D3-BF4B-00C04F79EFBC}") = "foodies_yelp", "foodies_yelp.csproj", "{36359B65-9C19-4679-93B3-A1A28E6A8DDB}"
EndProject
Global
	GlobalSection(SolutionConfigurationPlatforms) = preSolution
		Debug|Any CPU = Debug|Any CPU
		Release|Any CPU = Release|Any CPU
	EndGlobalSection
	GlobalSection(ProjectConfigurationPlatforms) = postSolution
		{36359B65-9C19-4679-93B3-A1A28E6A8DDB}.Debug|Any CPU.ActiveCfg = Debug|Any CPU
		{36359B65-9C19-4679-93B3-A1A28E6A8DDB}.Debug|Any CPU.Build.0 = Debug|Any CPU
		{36359B65-9C19-4679-93B3-A1A28E6A8DDB}.Release|Any CPU.ActiveCfg = Release|Any CPU
		{36359B65-9C19-4679-93B3-A1A28E6A8DDB}.Release|Any CPU.Build.0 = Release|Any CPU
	EndGlobalSection
	GlobalSection(SolutionProperties) = preSolution
		HideSolutionNode = FALSE
	EndGlobalSection
	GlobalSection(ExtensibilityGlobals) = postSolution
		SolutionGuid = {9AE9850B-C472-4078-ACF0-267C6FD305B8}
	EndGlobalSection
EndGlobal
